{
  "name": "secalc",
  "version": "1.0.0",
  "lockfileVersion": 1,
  "requires": true,
  "dependencies": {
    "contour-js": {
      "version": "1.0.3",
      "resolved": "https://registry.npmjs.org/contour-js/-/contour-js-1.0.3.tgz",
      "integrity": "sha512-rmAL+tIsCjMSQolqfOutrWdZ4ShJ2KRoJDyP6C+CjHihwGPLD8i/UnomDm0/LfyO9OzpblZFQSAROjHCNYAvvw=="
    }
  }
}
